
Microsoft Visual Studio Solution File, Format Version 12.00
# Visual Studio Version 16
VisualStudioVersion = 16.0.30309.148
MinimumVisualStudioVersion = 10.0.40219.1
Project("{FAE04EC0-301F-11D3-BF4B-00C04F79EFBC}") = "Games", "Games\Games.csproj", "{7DE02121-E7F1-46B6-9F57-E9FA7F5F9B8C}"
EndProject
Global
	GlobalSection(SolutionConfigurationPlatforms) = preSolution
		Debug|Any CPU = Debug|Any CPU
		Release|Any CPU = Release|Any CPU
	EndGlobalSection
	GlobalSection(ProjectConfigurationPlatforms) = postSolution
		{7DE02121-E7F1-46B6-9F57-E9FA7F5F9B8C}.Debug|Any CPU.ActiveCfg = Debug|Any CPU
		{7DE02121-E7F1-46B6-9F57-E9FA7F5F9B8C}.Debug|Any CPU.Build.0 = Debug|Any CPU
		{7DE02121-E7F1-46B6-9F57-E9FA7F5F9B8C}.Release|Any CPU.ActiveCfg = Release|Any CPU
		{7DE02121-E7F1-46B6-9F57-E9FA7F5F9B8C}.Release|Any CPU.Build.0 = Release|Any CPU
	EndGlobalSection
	GlobalSection(SolutionProperties) = preSolution
		HideSolutionNode = FALSE
	EndGlobalSection
	GlobalSection(ExtensibilityGlobals) = postSolution
		SolutionGuid = {0870B206-92D2-4F67-818F-9DA4A5F8ADEE}
	EndGlobalSection
EndGlobal
